// !$*UTF8*$!
{
	archiveVersion = 1;
	classes = {
	};
	objectVersion = 55;
	objects = {

/* Begin PBXBuildFile section */
		6D0C4FA1283127480069BEF3 /* AppDelegate.swift in Sources */ = {isa = PBXBuildFile; fileRef = 6D0C4FA0283127480069BEF3 /* AppDelegate.swift */; };
		6D0C4FA3283127480069BEF3 /* SceneDelegate.swift in Sources */ = {isa = PBXBuildFile; fileRef = 6D0C4FA2283127480069BEF3 /* SceneDelegate.swift */; };
		6D0C4FA5283127480069BEF3 /* ViewController.swift in Sources */ = {isa = PBXBuildFile; fileRef = 6D0C4FA4283127480069BEF3 /* ViewController.swift */; };
		6D0C4FA8283127480069BEF3 /* Main.storyboard in Resources */ = {isa = PBXBuildFile; fileRef = 6D0C4FA6283127480069BEF3 /* Main.storyboard */; };
		6D0C4FAA2831274A0069BEF3 /* Assets.xcassets in Resources */ = {isa = PBXBuildFile; fileRef = 6D0C4FA92831274A0069BEF3 /* Assets.xcassets */; };
		6D0C4FAD2831274A0069BEF3 /* LaunchScreen.storyboard in Resources */ = {isa = PBXBuildFile; fileRef = 6D0C4FAB2831274A0069BEF3 /* LaunchScreen.storyboard */; };
		6D0C4FB5283128D50069BEF3 /* ViewController+tableView.swift in Sources */ = {isa = PBXBuildFile; fileRef = 6D0C4FB4283128D50069BEF3 /* ViewController+tableView.swift */; };
		6D0C4FB72831293C0069BEF3 /* MyFileManager.swift in Sources */ = {isa = PBXBuildFile; fileRef = 6D0C4FB62831293C0069BEF3 /* MyFileManager.swift */; };
		6D0C4FB9283129600069BEF3 /* File.swift in Sources */ = {isa = PBXBuildFile; fileRef = 6D0C4FB8283129600069BEF3 /* File.swift */; };
		6D0C4FBC28312A200069BEF3 /* File+uiImage.swift in Sources */ = {isa = PBXBuildFile; fileRef = 6D0C4FBB28312A200069BEF3 /* File+uiImage.swift */; };
		6D0C4FBE28312D740069BEF3 /* UIAlertController+infoAlert.swift in Sources */ = {isa = PBXBuildFile; fileRef = 6D0C4FBD28312D740069BEF3 /* UIAlertController+infoAlert.swift */; };
		6D0C4FC0283135930069BEF3 /* ImageSaver.swift in Sources */ = {isa = PBXBuildFile; fileRef = 6D0C4FBF283135930069BEF3 /* ImageSaver.swift */; };
		6D0C4FC2283138F50069BEF3 /* ViewController+ImageSaverDelegate.swift in Sources */ = {isa = PBXBuildFile; fileRef = 6D0C4FC1283138F50069BEF3 /* ViewController+ImageSaverDelegate.swift */; };
		6D0C4FC528313C930069BEF3 /* ImageSaverDelegate.swift in Sources */ = {isa = PBXBuildFile; fileRef = 6D0C4FC428313C930069BEF3 /* ImageSaverDelegate.swift */; };
		6D0C4FC728313CA20069BEF3 /* ImageSaverError.swift in Sources */ = {isa = PBXBuildFile; fileRef = 6D0C4FC628313CA20069BEF3 /* ImageSaverError.swift */; };
		6D0C4FCA28313E6E0069BEF3 /* MyFileManagerError.swift in Sources */ = {isa = PBXBuildFile; fileRef = 6D0C4FC928313E6E0069BEF3 /* MyFileManagerError.swift */; };
		6D0C4FCC2831F8D70069BEF3 /* ViewController+collectionView.swift in Sources */ = {isa = PBXBuildFile; fileRef = 6D0C4FCB2831F8D70069BEF3 /* ViewController+collectionView.swift */; };
		6D0C4FCF2831F9750069BEF3 /* ImageCollectionViewCell.swift in Sources */ = {isa = PBXBuildFile; fileRef = 6D0C4FCD2831F9750069BEF3 /* ImageCollectionViewCell.swift */; };
		6D0C4FD02831F9760069BEF3 /* ImageCollectionViewCell.xib in Resources */ = {isa = PBXBuildFile; fileRef = 6D0C4FCE2831F9750069BEF3 /* ImageCollectionViewCell.xib */; };
/* End PBXBuildFile section */

/* Begin PBXFileReference section */
		6D0C4F9D283127480069BEF3 /* Task_2.1.app */ = {isa = PBXFileReference; explicitFileType = wrapper.application; includeInIndex = 0; path = Task_2.1.app; sourceTree = BUILT_PRODUCTS_DIR; };
		6D0C4FA0283127480069BEF3 /* AppDelegate.swift */ = {isa = PBXFileReference; lastKnownFileType = sourcecode.swift; path = AppDelegate.swift; sourceTree = "<group>"; };
		6D0C4FA2283127480069BEF3 /* SceneDelegate.swift */ = {isa = PBXFileReference; lastKnownFileType = sourcecode.swift; path = SceneDelegate.swift; sourceTree = "<group>"; };
		6D0C4FA4283127480069BEF3 /* ViewController.swift */ = {isa = PBXFileReference; lastKnownFileType = sourcecode.swift; path = ViewController.swift; sourceTree = "<group>"; };
		6D0C4FA7283127480069BEF3 /* Base */ = {isa = PBXFileReference; lastKnownFileType = file.storyboard; name = Base; path = Base.lproj/Main.storyboard; sourceTree = "<group>"; };
		6D0C4FA92831274A0069BEF3 /* Assets.xcassets */ = {isa = PBXFileReference; lastKnownFileType = folder.assetcatalog; path = Assets.xcassets; sourceTree = "<group>"; };
		6D0C4FAC2831274A0069BEF3 /* Base */ = {isa = PBXFileReference; lastKnownFileType = file.storyboard; name = Base; path = Base.lproj/LaunchScreen.storyboard; sourceTree = "<group>"; };
		6D0C4FAE2831274A0069BEF3 /* Info.plist */ = {isa = PBXFileReference; lastKnownFileType = text.plist.xml; path = Info.plist; sourceTree = "<group>"; };
		6D0C4FB4283128D50069BEF3 /* ViewController+tableView.swift */ = {isa = PBXFileReference; lastKnownFileType = sourcecode.swift; path = "ViewController+tableView.swift"; sourceTree = "<group>"; };
		6D0C4FB62831293C0069BEF3 /* MyFileManager.swift */ = {isa = PBXFileReference; lastKnownFileType = sourcecode.swift; path = MyFileManager.swift; sourceTree = "<group>"; };
		6D0C4FB8283129600069BEF3 /* File.swift */ = {isa = PBXFileReference; lastKnownFileType = sourcecode.swift; path = File.swift; sourceTree = "<group>"; };
		6D0C4FBB28312A200069BEF3 /* File+uiImage.swift */ = {isa = PBXFileReference; lastKnownFileType = sourcecode.swift; path = "File+uiImage.swift"; sourceTree = "<group>"; };
		6D0C4FBD28312D740069BEF3 /* UIAlertController+infoAlert.swift */ = {isa = PBXFileReference; fileEncoding = 4; lastKnownFileType = sourcecode.swift; path = "UIAlertController+infoAlert.swift"; sourceTree = "<group>"; };
		6D0C4FBF283135930069BEF3 /* ImageSaver.swift */ = {isa = PBXFileReference; lastKnownFileType = sourcecode.swift; path = ImageSaver.swift; sourceTree = "<group>"; };
		6D0C4FC1283138F50069BEF3 /* ViewController+ImageSaverDelegate.swift */ = {isa = PBXFileReference; lastKnownFileType = sourcecode.swift; path = "ViewController+ImageSaverDelegate.swift"; sourceTree = "<group>"; };
		6D0C4FC428313C930069BEF3 /* ImageSaverDelegate.swift */ = {isa = PBXFileReference; lastKnownFileType = sourcecode.swift; path = ImageSaverDelegate.swift; sourceTree = "<group>"; };
		6D0C4FC628313CA20069BEF3 /* ImageSaverError.swift */ = {isa = PBXFileReference; lastKnownFileType = sourcecode.swift; path = ImageSaverError.swift; sourceTree = "<group>"; };
		6D0C4FC928313E6E0069BEF3 /* MyFileManagerError.swift */ = {isa = PBXFileReference; lastKnownFileType = sourcecode.swift; path = MyFileManagerError.swift; sourceTree = "<group>"; };
		6D0C4FCB2831F8D70069BEF3 /* ViewController+collectionView.swift */ = {isa = PBXFileReference; lastKnownFileType = sourcecode.swift; path = "ViewController+collectionView.swift"; sourceTree = "<group>"; };
		6D0C4FCD2831F9750069BEF3 /* ImageCollectionViewCell.swift */ = {isa = PBXFileReference; lastKnownFileType = sourcecode.swift; path = ImageCollectionViewCell.swift; sourceTree = "<group>"; };
		6D0C4FCE2831F9750069BEF3 /* ImageCollectionViewCell.xib */ = {isa = PBXFileReference; lastKnownFileType = file.xib; path = ImageCollectionViewCell.xib; sourceTree = "<group>"; };
/* End PBXFileReference section */

/* Begin PBXFrameworksBuildPhase section */
		6D0C4F9A283127480069BEF3 /* Frameworks */ = {
			isa = PBXFrameworksBuildPhase;
			buildActionMask = 2147483647;
			files = (
			);
			runOnlyForDeploymentPostprocessing = 0;
		};
/* End PBXFrameworksBuildPhase section */

/* Begin PBXGroup section */
		6D0C4F94283127480069BEF3 = {
			isa = PBXGroup;
			children = (
				6D0C4F9F283127480069BEF3 /* Task_2.1 */,
				6D0C4F9E283127480069BEF3 /* Products */,
			);
			sourceTree = "<group>";
		};
		6D0C4F9E283127480069BEF3 /* Products */ = {
			isa = PBXGroup;
			children = (
				6D0C4F9D283127480069BEF3 /* Task_2.1.app */,
			);
			name = Products;
			sourceTree = "<group>";
		};
		6D0C4F9F283127480069BEF3 /* Task_2.1 */ = {
			isa = PBXGroup;
			children = (
				6D0C4FA0283127480069BEF3 /* AppDelegate.swift */,
				6D0C4FA2283127480069BEF3 /* SceneDelegate.swift */,
				6D0C4FC3283139100069BEF3 /* ViewController */,
				6D0C4FBA283129660069BEF3 /* MyFileManager */,
				6D0C4FC828313CAF0069BEF3 /* ImageSaver */,
				6D0C4FBD28312D740069BEF3 /* UIAlertController+infoAlert.swift */,
				6D0C4FA6283127480069BEF3 /* Main.storyboard */,
				6D0C4FA92831274A0069BEF3 /* Assets.xcassets */,
				6D0C4FAB2831274A0069BEF3 /* LaunchScreen.storyboard */,
				6D0C4FAE2831274A0069BEF3 /* Info.plist */,
			);
			path = Task_2.1;
			sourceTree = "<group>";
		};
		6D0C4FBA283129660069BEF3 /* MyFileManager */ = {
			isa = PBXGroup;
			children = (
				6D0C4FB62831293C0069BEF3 /* MyFileManager.swift */,
				6D0C4FC928313E6E0069BEF3 /* MyFileManagerError.swift */,
				6D0C4FB8283129600069BEF3 /* File.swift */,
				6D0C4FBB28312A200069BEF3 /* File+uiImage.swift */,
			);
			path = MyFileManager;
			sourceTree = "<group>";
		};
		6D0C4FC3283139100069BEF3 /* ViewController */ = {
			isa = PBXGroup;
			children = (
				6D0C4FA4283127480069BEF3 /* ViewController.swift */,
				6D0C4FB4283128D50069BEF3 /* ViewController+tableView.swift */,
				6D0C4FCB2831F8D70069BEF3 /* ViewController+collectionView.swift */,
				6D0C4FC1283138F50069BEF3 /* ViewController+ImageSaverDelegate.swift */,
				6D0C4FCD2831F9750069BEF3 /* ImageCollectionViewCell.swift */,
				6D0C4FCE2831F9750069BEF3 /* ImageCollectionViewCell.xib */,
			);
			path = ViewController;
			sourceTree = "<group>";
		};
		6D0C4FC828313CAF0069BEF3 /* ImageSaver */ = {
			isa = PBXGroup;
			children = (
				6D0C4FBF283135930069BEF3 /* ImageSaver.swift */,
				6D0C4FC428313C930069BEF3 /* ImageSaverDelegate.swift */,
				6D0C4FC628313CA20069BEF3 /* ImageSaverError.swift */,
			);
			path = ImageSaver;
			sourceTree = "<group>";
		};
/* End PBXGroup section */

/* Begin PBXNativeTarget section */
		6D0C4F9C283127480069BEF3 /* Task_2.1 */ = {
			isa = PBXNativeTarget;
			buildConfigurationList = 6D0C4FB12831274A0069BEF3 /* Build configuration list for PBXNativeTarget "Task_2.1" */;
			buildPhases = (
				6D0C4F99283127480069BEF3 /* Sources */,
				6D0C4F9A283127480069BEF3 /* Frameworks */,
				6D0C4F9B283127480069BEF3 /* Resources */,
			);
			buildRules = (
			);
			dependencies = (
			);
			name = Task_2.1;
			productName = Task_2.1;
			productReference = 6D0C4F9D283127480069BEF3 /* Task_2.1.app */;
			productType = "com.apple.product-type.application";
		};
/* End PBXNativeTarget section */

/* Begin PBXProject section */
		6D0C4F95283127480069BEF3 /* Project object */ = {
			isa = PBXProject;
			attributes = {
				BuildIndependentTargetsInParallel = 1;
				LastSwiftUpdateCheck = 1330;
				LastUpgradeCheck = 1330;
				TargetAttributes = {
					6D0C4F9C283127480069BEF3 = {
						CreatedOnToolsVersion = 13.3.1;
					};
				};
			};
			buildConfigurationList = 6D0C4F98283127480069BEF3 /* Build configuration list for PBXProject "Task_2.1" */;
			compatibilityVersion = "Xcode 13.0";
			developmentRegion = en;
			hasScannedForEncodings = 0;
			knownRegions = (
				en,
				Base,
			);
			mainGroup = 6D0C4F94283127480069BEF3;
			productRefGroup = 6D0C4F9E283127480069BEF3 /* Products */;
			projectDirPath = "";
			projectRoot = "";
			targets = (
				6D0C4F9C283127480069BEF3 /* Task_2.1 */,
			);
		};
/* End PBXProject section */

/* Begin PBXResourcesBuildPhase section */
		6D0C4F9B283127480069BEF3 /* Resources */ = {
			isa = PBXResourcesBuildPhase;
			buildActionMask = 2147483647;
			files = (
				6D0C4FAD2831274A0069BEF3 /* LaunchScreen.storyboard in Resources */,
				6D0C4FAA2831274A0069BEF3 /* Assets.xcassets in Resources */,
				6D0C4FD02831F9760069BEF3 /* ImageCollectionViewCell.xib in Resources */,
				6D0C4FA8283127480069BEF3 /* Main.storyboard in Resources */,
			);
			runOnlyForDeploymentPostprocessing = 0;
		};
/* End PBXResourcesBuildPhase section */

/* Begin PBXSourcesBuildPhase section */
		6D0C4F99283127480069BEF3 /* Sources */ = {
			isa = PBXSourcesBuildPhase;
			buildActionMask = 2147483647;
			files = (
				6D0C4FB72831293C0069BEF3 /* MyFileManager.swift in Sources */,
				6D0C4FBC28312A200069BEF3 /* File+uiImage.swift in Sources */,
				6D0C4FC728313CA20069BEF3 /* ImageSaverError.swift in Sources */,
				6D0C4FCC2831F8D70069BEF3 /* ViewController+collectionView.swift in Sources */,
				6D0C4FB9283129600069BEF3 /* File.swift in Sources */,
				6D0C4FA5283127480069BEF3 /* ViewController.swift in Sources */,
				6D0C4FCF2831F9750069BEF3 /* ImageCollectionViewCell.swift in Sources */,
				6D0C4FC0283135930069BEF3 /* ImageSaver.swift in Sources */,
				6D0C4FC2283138F50069BEF3 /* ViewController+ImageSaverDelegate.swift in Sources */,
				6D0C4FA1283127480069BEF3 /* AppDelegate.swift in Sources */,
				6D0C4FCA28313E6E0069BEF3 /* MyFileManagerError.swift in Sources */,
				6D0C4FB5283128D50069BEF3 /* ViewController+tableView.swift in Sources */,
				6D0C4FC528313C930069BEF3 /* ImageSaverDelegate.swift in Sources */,
				6D0C4FA3283127480069BEF3 /* SceneDelegate.swift in Sources */,
				6D0C4FBE28312D740069BEF3 /* UIAlertController+infoAlert.swift in Sources */,
			);
			runOnlyForDeploymentPostprocessing = 0;
		};
/* End PBXSourcesBuildPhase section */

/* Begin PBXVariantGroup section */
		6D0C4FA6283127480069BEF3 /* Main.storyboard */ = {
			isa = PBXVariantGroup;
			children = (
				6D0C4FA7283127480069BEF3 /* Base */,
			);
			name = Main.storyboard;
			sourceTree = "<group>";
		};
		6D0C4FAB2831274A0069BEF3 /* LaunchScreen.storyboard */ = {
			isa = PBXVariantGroup;
			children = (
				6D0C4FAC2831274A0069BEF3 /* Base */,
			);
			name = LaunchScreen.storyboard;
			sourceTree = "<group>";
		};
/* End PBXVariantGroup section */

/* Begin XCBuildConfiguration section */
		6D0C4FAF2831274A0069BEF3 /* Debug */ = {
			isa = XCBuildConfiguration;
			buildSettings = {
				ALWAYS_SEARCH_USER_PATHS = NO;
				CLANG_ANALYZER_NONNULL = YES;
				CLANG_ANALYZER_NUMBER_OBJECT_CONVERSION = YES_AGGRESSIVE;
				CLANG_CXX_LANGUAGE_STANDARD = "gnu++17";
				CLANG_ENABLE_MODULES = YES;
				CLANG_ENABLE_OBJC_ARC = YES;
				CLANG_ENABLE_OBJC_WEAK = YES;
				CLANG_WARN_BLOCK_CAPTURE_AUTORELEASING = YES;
				CLANG_WARN_BOOL_CONVERSION = YES;
				CLANG_WARN_COMMA = YES;
				CLANG_WARN_CONSTANT_CONVERSION = YES;
				CLANG_WARN_DEPRECATED_OBJC_IMPLEMENTATIONS = YES;
				CLANG_WARN_DIRECT_OBJC_ISA_USAGE = YES_ERROR;
				CLANG_WARN_DOCUMENTATION_COMMENTS = YES;
				CLANG_WARN_EMPTY_BODY = YES;
				CLANG_WARN_ENUM_CONVERSION = YES;
				CLANG_WARN_INFINITE_RECURSION = YES;
				CLANG_WARN_INT_CONVERSION = YES;
				CLANG_WARN_NON_LITERAL_NULL_CONVERSION = YES;
				CLANG_WARN_OBJC_IMPLICIT_RETAIN_SELF = YES;
				CLANG_WARN_OBJC_LITERAL_CONVERSION = YES;
				CLANG_WARN_OBJC_ROOT_CLASS = YES_ERROR;
				CLANG_WARN_QUOTED_INCLUDE_IN_FRAMEWORK_HEADER = YES;
				CLANG_WARN_RANGE_LOOP_ANALYSIS = YES;
				CLANG_WARN_STRICT_PROTOTYPES = YES;
				CLANG_WARN_SUSPICIOUS_MOVE = YES;
				CLANG_WARN_UNGUARDED_AVAILABILITY = YES_AGGRESSIVE;
				CLANG_WARN_UNREACHABLE_CODE = YES;
				CLANG_WARN__DUPLICATE_METHOD_MATCH = YES;
				COPY_PHASE_STRIP = NO;
				DEBUG_INFORMATION_FORMAT = dwarf;
				ENABLE_STRICT_OBJC_MSGSEND = YES;
				ENABLE_TESTABILITY = YES;
				GCC_C_LANGUAGE_STANDARD = gnu11;
				GCC_DYNAMIC_NO_PIC = NO;
				GCC_NO_COMMON_BLOCKS = YES;
				GCC_OPTIMIZATION_LEVEL = 0;
				GCC_PREPROCESSOR_DEFINITIONS = (
					"DEBUG=1",
					"$(inherited)",
				);
				GCC_WARN_64_TO_32_BIT_CONVERSION = YES;
				GCC_WARN_ABOUT_RETURN_TYPE = YES_ERROR;
				GCC_WARN_UNDECLARED_SELECTOR = YES;
				GCC_WARN_UNINITIALIZED_AUTOS = YES_AGGRESSIVE;
				GCC_WARN_UNUSED_FUNCTION = YES;
				GCC_WARN_UNUSED_VARIABLE = YES;
				IPHONEOS_DEPLOYMENT_TARGET = 15.4;
				MTL_ENABLE_DEBUG_INFO = INCLUDE_SOURCE;
				MTL_FAST_MATH = YES;
				ONLY_ACTIVE_ARCH = YES;
				SDKROOT = iphoneos;
				SWIFT_ACTIVE_COMPILATION_CONDITIONS = DEBUG;
				SWIFT_OPTIMIZATION_LEVEL = "-Onone";
			};
			name = Debug;
		};
		6D0C4FB02831274A0069BEF3 /* Release */ = {
			isa = XCBuildConfiguration;
			buildSettings = {
				ALWAYS_SEARCH_USER_PATHS = NO;
				CLANG_ANALYZER_NONNULL = YES;
				CLANG_ANALYZER_NUMBER_OBJECT_CONVERSION = YES_AGGRESSIVE;
				CLANG_CXX_LANGUAGE_STANDARD = "gnu++17";
				CLANG_ENABLE_MODULES = YES;
				CLANG_ENABLE_OBJC_ARC = YES;
				CLANG_ENABLE_OBJC_WEAK = YES;
				CLANG_WARN_BLOCK_CAPTURE_AUTORELEASING = YES;
				CLANG_WARN_BOOL_CONVERSION = YES;
				CLANG_WARN_COMMA = YES;
				CLANG_WARN_CONSTANT_CONVERSION = YES;
				CLANG_WARN_DEPRECATED_OBJC_IMPLEMENTATIONS = YES;
				CLANG_WARN_DIRECT_OBJC_ISA_USAGE = YES_ERROR;
				CLANG_WARN_DOCUMENTATION_COMMENTS = YES;
				CLANG_WARN_EMPTY_BODY = YES;
				CLANG_WARN_ENUM_CONVERSION = YES;
				CLANG_WARN_INFINITE_RECURSION = YES;
				CLANG_WARN_INT_CONVERSION = YES;
				CLANG_WARN_NON_LITERAL_NULL_CONVERSION = YES;
				CLANG_WARN_OBJC_IMPLICIT_RETAIN_SELF = YES;
				CLANG_WARN_OBJC_LITERAL_CONVERSION = YES;
				CLANG_WARN_OBJC_ROOT_CLASS = YES_ERROR;
				CLANG_WARN_QUOTED_INCLUDE_IN_FRAMEWORK_HEADER = YES;
				CLANG_WARN_RANGE_LOOP_ANALYSIS = YES;
				CLANG_WARN_STRICT_PROTOTYPES = YES;
				CLANG_WARN_SUSPICIOUS_MOVE = YES;
				CLANG_WARN_UNGUARDED_AVAILABILITY = YES_AGGRESSIVE;
				CLANG_WARN_UNREACHABLE_CODE = YES;
				CLANG_WARN__DUPLICATE_METHOD_MATCH = YES;
				COPY_PHASE_STRIP = NO;
				DEBUG_INFORMATION_FORMAT = "dwarf-with-dsym";
				ENABLE_NS_ASSERTIONS = NO;
				ENABLE_STRICT_OBJC_MSGSEND = YES;
				GCC_C_LANGUAGE_STANDARD = gnu11;
				GCC_NO_COMMON_BLOCKS = YES;
				GCC_WARN_64_TO_32_BIT_CONVERSION = YES;
				GCC_WARN_ABOUT_RETURN_TYPE = YES_ERROR;
				GCC_WARN_UNDECLARED_SELECTOR = YES;
				GCC_WARN_UNINITIALIZED_AUTOS = YES_AGGRESSIVE;
				GCC_WARN_UNUSED_FUNCTION = YES;
				GCC_WARN_UNUSED_VARIABLE = YES;
				IPHONEOS_DEPLOYMENT_TARGET = 15.4;
				MTL_ENABLE_DEBUG_INFO = NO;
				MTL_FAST_MATH = YES;
				SDKROOT = iphoneos;
				SWIFT_COMPILATION_MODE = wholemodule;
				SWIFT_OPTIMIZATION_LEVEL = "-O";
				VALIDATE_PRODUCT = YES;
			};
			name = Release;
		};
		6D0C4FB22831274A0069BEF3 /* Debug */ = {
			isa = XCBuildConfiguration;
			buildSettings = {
				ASSETCATALOG_COMPILER_APPICON_NAME = AppIcon;
				ASSETCATALOG_COMPILER_GLOBAL_ACCENT_COLOR_NAME = AccentColor;
				CODE_SIGN_STYLE = Automatic;
				CURRENT_PROJECT_VERSION = 1;
				DEVELOPMENT_TEAM = 3T976NF4W2;
				GENERATE_INFOPLIST_FILE = YES;
				INFOPLIST_FILE = Task_2.1/Info.plist;
				INFOPLIST_KEY_UIApplicationSupportsIndirectInputEvents = YES;
				INFOPLIST_KEY_UILaunchStoryboardName = LaunchScreen;
				INFOPLIST_KEY_UIMainStoryboardFile = Main;
				INFOPLIST_KEY_UISupportedInterfaceOrientations_iPad = "UIInterfaceOrientationPortrait UIInterfaceOrientationPortraitUpsideDown UIInterfaceOrientationLandscapeLeft UIInterfaceOrientationLandscapeRight";
				INFOPLIST_KEY_UISupportedInterfaceOrientations_iPhone = "UIInterfaceOrientationPortrait UIInterfaceOrientationLandscapeLeft UIInterfaceOrientationLandscapeRight";
				LD_RUNPATH_SEARCH_PATHS = (
					"$(inherited)",
					"@executable_path/Frameworks",
				);
				MARKETING_VERSION = 1.0;
				PRODUCT_BUNDLE_IDENTIFIER = "carwnSoft.Task-2-1";
				PRODUCT_NAME = "$(TARGET_NAME)";
				SWIFT_EMIT_LOC_STRINGS = YES;
				SWIFT_VERSION = 5.0;
				TARGETED_DEVICE_FAMILY = "1,2";
			};
			name = Debug;
		};
		6D0C4FB32831274A0069BEF3 /* Release */ = {
			isa = XCBuildConfiguration;
			buildSettings = {
				ASSETCATALOG_COMPILER_APPICON_NAME = AppIcon;
				ASSETCATALOG_COMPILER_GLOBAL_ACCENT_COLOR_NAME = AccentColor;
				CODE_SIGN_STYLE = Automatic;
				CURRENT_PROJECT_VERSION = 1;
				DEVELOPMENT_TEAM = 3T976NF4W2;
				GENERATE_INFOPLIST_FILE = YES;
				INFOPLIST_FILE = Task_2.1/Info.plist;
				INFOPLIST_KEY_UIApplicationSupportsIndirectInputEvents = YES;
				INFOPLIST_KEY_UILaunchStoryboardName = LaunchScreen;
				INFOPLIST_KEY_UIMainStoryboardFile = Main;
				INFOPLIST_KEY_UISupportedInterfaceOrientations_iPad = "UIInterfaceOrientationPortrait UIInterfaceOrientationPortraitUpsideDown UIInterfaceOrientationLandscapeLeft UIInterfaceOrientationLandscapeRight";
				INFOPLIST_KEY_UISupportedInterfaceOrientations_iPhone = "UIInterfaceOrientationPortrait UIInterfaceOrientationLandscapeLeft UIInterfaceOrientationLandscapeRight";
				LD_RUNPATH_SEARCH_PATHS = (
					"$(inherited)",
					"@executable_path/Frameworks",
				);
				MARKETING_VERSION = 1.0;
				PRODUCT_BUNDLE_IDENTIFIER = "carwnSoft.Task-2-1";
				PRODUCT_NAME = "$(TARGET_NAME)";
				SWIFT_EMIT_LOC_STRINGS = YES;
				SWIFT_VERSION = 5.0;
				TARGETED_DEVICE_FAMILY = "1,2";
			};
			name = Release;
		};
/* End XCBuildConfiguration section */

/* Begin XCConfigurationList section */
		6D0C4F98283127480069BEF3 /* Build configuration list for PBXProject "Task_2.1" */ = {
			isa = XCConfigurationList;
			buildConfigurations = (
				6D0C4FAF2831274A0069BEF3 /* Debug */,
				6D0C4FB02831274A0069BEF3 /* Release */,
			);
			defaultConfigurationIsVisible = 0;
			defaultConfigurationName = Release;
		};
		6D0C4FB12831274A0069BEF3 /* Build configuration list for PBXNativeTarget "Task_2.1" */ = {
			isa = XCConfigurationList;
			buildConfigurations = (
				6D0C4FB22831274A0069BEF3 /* Debug */,
				6D0C4FB32831274A0069BEF3 /* Release */,
			);
			defaultConfigurationIsVisible = 0;
			defaultConfigurationName = Release;
		};
/* End XCConfigurationList section */
	};
	rootObject = 6D0C4F95283127480069BEF3 /* Project object */;
}
